# This file is automatically @generated by Cargo.
# It is not intended for manual editing.
version = 3

[[package]]
name = "asm-w-ownership"
version = "0.1.0"
dependencies = [
 "ghost-cell",
]

[[package]]
name = "ghost-cell"
version = "0.2.4"
source = "registry+https://github.com/rust-lang/crates.io-index"
checksum = "8c5bb911f7ec464a945eb0df5d1b6c70877e025899460e17b6c46adec8b6fbea"
